
Microsoft Visual Studio Solution File, Format Version 12.00
# Visual Studio Version 17
VisualStudioVersion = 17.3.32922.545
MinimumVisualStudioVersion = 10.0.40219.1
Project("{888888A0-9F3D-457C-B088-3A5042F75D52}") = "Fibonacci", "Fibonacci\Fibonacci.pyproj", "{FCA2EBBC-D6BA-498D-A176-39EC308111A8}"
EndProject
Global
	GlobalSection(SolutionConfigurationPlatforms) = preSolution
		Debug|Any CPU = Debug|Any CPU
		Release|Any CPU = Release|Any CPU
	EndGlobalSection
	GlobalSection(ProjectConfigurationPlatforms) = postSolution
		{FCA2EBBC-D6BA-498D-A176-39EC308111A8}.Debug|Any CPU.ActiveCfg = Debug|Any CPU
		{FCA2EBBC-D6BA-498D-A176-39EC308111A8}.Release|Any CPU.ActiveCfg = Release|Any CPU
	EndGlobalSection
	GlobalSection(SolutionProperties) = preSolution
		HideSolutionNode = FALSE
	EndGlobalSection
	GlobalSection(ExtensibilityGlobals) = postSolution
		SolutionGuid = {038E66FB-F6DC-4EFA-B93B-CDD5D7934EEF}
	EndGlobalSection
EndGlobal
